<?xml version="1.0" encoding="utf-8"?>
<Project ToolsVersion="4.0" xmlns="http://schemas.microsoft.com/developer/msbuild/2003">
  <ItemGroup>
    <ClCompile Include="p2Log.cpp">
      <Filter>Programacio 2 ===========</Filter>
    </ClCompile>
    <ClCompile Include="PugiXml\src\pugixml.cpp">
      <Filter>Desenvolupament  ========\Tools\PuguiXML</Filter>
    </ClCompile>
    <ClCompile Include="GuiElements.cpp">
      <Filter>Desenvolupament  ========\Modules\Engine Layer\Gui\GuiElements</Filter>
    </ClCompile>
    <ClCompile Include="snIntro.cpp">
      <Filter>Desenvolupament  ========\Modules\Game Layer\Scenes\snIntro</Filter>
    </ClCompile>
    <ClCompile Include="hudBelt.cpp">
      <Filter>Desenvolupament  ========\Modules\Engine Layer\Hud\hudElements\hudBelt</Filter>
    </ClCompile>
    <ClCompile Include="hudPause.cpp">
      <Filter>Desenvolupament  ========\Modules\Engine Layer\Hud\hudElements\hudPause</Filter>
    </ClCompile>
    <ClCompile Include="Entity.cpp">
      <Filter>Desenvolupament  ========\Modules\Engine Layer\EntityManager\Entities</Filter>
    </ClCompile>
    <ClCompile Include="GuiInventory.cpp">
      <Filter>Desenvolupament  ========\Modules\Engine Layer\Gui\GuiElements\GuiInventory</Filter>
    </ClCompile>
    <ClCompile Include="GuiItem.cpp">
      <Filter>Desenvolupament  ========\Modules\Engine Layer\Gui\GuiElements\GuiInventory</Filter>
    </ClCompile>
    <ClCompile Include="GuiSlot.cpp">
      <Filter>Desenvolupament  ========\Modules\Engine Layer\Gui\GuiElements\GuiInventory</Filter>
    </ClCompile>
    <ClCompile Include="hudInventory.cpp">
      <Filter>Desenvolupament  ========\Modules\Engine Layer\Hud\hudElements\hudInventory</Filter>
    </ClCompile>
    <ClCompile Include="snWin.cpp">
      <Filter>Desenvolupament  ========\Modules\Game Layer\Scenes\snWin</Filter>
    </ClCompile>
    <ClCompile Include="hudBlood.cpp">
      <Filter>Desenvolupament  ========\Modules\Engine Layer\Hud\hudElements\hudBlood</Filter>
    </ClCompile>
    <ClCompile Include="hudSkilltree.cpp">
      <Filter>Desenvolupament  ========\Modules\Engine Layer\Hud\hudElements\hudSkilltree</Filter>
    </ClCompile>
    <ClCompile Include="EntityManager.cpp">
      <Filter>Desenvolupament  ========\Modules\Engine Layer\EntityManager</Filter>
    </ClCompile>
    <ClCompile Include="Game.cpp">
      <Filter>Desenvolupament  ========\Modules\Game Layer</Filter>
    </ClCompile>
    <ClCompile Include="Main.cpp">
      <Filter>Desenvolupament  ========</Filter>
    </ClCompile>
    <ClCompile Include="App.cpp">
      <Filter>Desenvolupament  ========</Filter>
    </ClCompile>
    <ClCompile Include="Audio.cpp">
      <Filter>Desenvolupament  ========\Modules\Engine Layer</Filter>
    </ClCompile>
    <ClCompile Include="Collision.cpp">
      <Filter>Desenvolupament  ========\Modules\Engine Layer</Filter>
    </ClCompile>
    <ClCompile Include="FileSystem.cpp">
      <Filter>Desenvolupament  ========\Modules\Engine Layer</Filter>
    </ClCompile>
    <ClCompile Include="Fonts.cpp">
      <Filter>Desenvolupament  ========\Modules\Engine Layer</Filter>
    </ClCompile>
    <ClCompile Include="Input.cpp">
      <Filter>Desenvolupament  ========\Modules\Engine Layer</Filter>
    </ClCompile>
    <ClCompile Include="Map.cpp">
      <Filter>Desenvolupament  ========\Modules\Engine Layer</Filter>
    </ClCompile>
    <ClCompile Include="Pathfinding.cpp">
      <Filter>Desenvolupament  ========\Modules\Engine Layer</Filter>
    </ClCompile>
    <ClCompile Include="Render.cpp">
      <Filter>Desenvolupament  ========\Modules\Engine Layer</Filter>
    </ClCompile>
    <ClCompile Include="SceneManager.cpp">
      <Filter>Desenvolupament  ========\Modules\Engine Layer</Filter>
    </ClCompile>
    <ClCompile Include="Textures.cpp">
      <Filter>Desenvolupament  ========\Modules\Engine Layer</Filter>
    </ClCompile>
    <ClCompile Include="Window.cpp">
      <Filter>Desenvolupament  ========\Modules\Engine Layer</Filter>
    </ClCompile>
    <ClCompile Include="PerfTimer.cpp">
      <Filter>Desenvolupament  ========\Tools</Filter>
    </ClCompile>
    <ClCompile Include="Timer.cpp">
      <Filter>Desenvolupament  ========\Tools</Filter>
    </ClCompile>
    <ClCompile Include="Gui.cpp">
      <Filter>Desenvolupament  ========\Modules\Engine Layer\Gui</Filter>
    </ClCompile>
    <ClCompile Include="Hud.cpp">
      <Filter>Desenvolupament  ========\Modules\Engine Layer\Hud</Filter>
    </ClCompile>
    <ClCompile Include="ParticleManager.cpp">
      <Filter>Desenvolupament  ========\Modules\Engine Layer</Filter>
    </ClCompile>
    <ClCompile Include="Act1.cpp">
      <Filter>Desenvolupament  ========\Modules\Game Layer\Scenes\Act1</Filter>
    </ClCompile>
    <ClCompile Include="Act2.cpp">
      <Filter>Desenvolupament  ========\Modules\Game Layer\Scenes\Act2</Filter>
    </ClCompile>
    <ClCompile Include="Attributes.cpp">
      <Filter>Desenvolupament  ========\Modules\Game Layer</Filter>
    </ClCompile>
    <ClCompile Include="Player.cpp">
      <Filter>Desenvolupament  ========\Modules\Game Layer\Player</Filter>
    </ClCompile>
    <ClCompile Include="Paladin.cpp">
      <Filter>Desenvolupament  ========\Modules\Engine Layer\EntityManager\Entities</Filter>
    </ClCompile>
    <ClCompile Include="Npc.cpp">
      <Filter>Desenvolupament  ========\Modules\Engine Layer\EntityManager\Entities</Filter>
    </ClCompile>
  </ItemGroup>
  <ItemGroup>
    <ClInclude Include="p2Defs.h">
      <Filter>Programacio 2 ===========</Filter>
    </ClInclude>
    <ClInclude Include="p2List.h">
      <Filter>Programacio 2 ===========</Filter>
    </ClInclude>
    <ClInclude Include="p2Log.h">
      <Filter>Programacio 2 ===========</Filter>
    </ClInclude>
    <ClInclude Include="p2SString.h">
      <Filter>Programacio 2 ===========</Filter>
    </ClInclude>
    <ClInclude Include="p2Point.h">
      <Filter>Programacio 2 ===========</Filter>
    </ClInclude>
    <ClInclude Include="p2DynArray.h">
      <Filter>Programacio 2 ===========</Filter>
    </ClInclude>
    <ClInclude Include="PugiXml\src\pugiconfig.hpp">
      <Filter>Desenvolupament  ========\Tools\PuguiXML</Filter>
    </ClInclude>
    <ClInclude Include="PugiXml\src\pugixml.hpp">
      <Filter>Desenvolupament  ========\Tools\PuguiXML</Filter>
    </ClInclude>
    <ClInclude Include="GuiElements.h">
      <Filter>Desenvolupament  ========\Modules\Engine Layer\Gui\GuiElements</Filter>
    </ClInclude>
    <ClInclude Include="Animation.h">
      <Filter>Desenvolupament  ========\Modules</Filter>
    </ClInclude>
    <ClInclude Include="snIntro.h">
      <Filter>Desenvolupament  ========\Modules\Game Layer\Scenes\snIntro</Filter>
    </ClInclude>
    <ClInclude Include="memleaks.h">
      <Filter>Desenvolupament  ========\Tools</Filter>
    </ClInclude>
    <ClInclude Include="ExtraSTL.h">
      <Filter>Programacio 2 ===========</Filter>
    </ClInclude>
    <ClInclude Include="hudElement.h">
      <Filter>Desenvolupament  ========\Modules\Engine Layer\Hud\hudElements</Filter>
    </ClInclude>
    <ClInclude Include="hudBelt.h">
      <Filter>Desenvolupament  ========\Modules\Engine Layer\Hud\hudElements\hudBelt</Filter>
    </ClInclude>
    <ClInclude Include="hudPause.h">
      <Filter>Desenvolupament  ========\Modules\Engine Layer\Hud\hudElements\hudPause</Filter>
    </ClInclude>
    <ClInclude Include="Entity.h">
      <Filter>Desenvolupament  ========\Modules\Engine Layer\EntityManager\Entities</Filter>
    </ClInclude>
    <ClInclude Include="GuiInventory.h">
      <Filter>Desenvolupament  ========\Modules\Engine Layer\Gui\GuiElements\GuiInventory</Filter>
    </ClInclude>
    <ClInclude Include="GuiItem.h">
      <Filter>Desenvolupament  ========\Modules\Engine Layer\Gui\GuiElements\GuiInventory</Filter>
    </ClInclude>
    <ClInclude Include="GuiSlot.h">
      <Filter>Desenvolupament  ========\Modules\Engine Layer\Gui\GuiElements\GuiInventory</Filter>
    </ClInclude>
    <ClInclude Include="hudInventory.h">
      <Filter>Desenvolupament  ========\Modules\Engine Layer\Hud\hudElements\hudInventory</Filter>
    </ClInclude>
    <ClInclude Include="snWin.h">
      <Filter>Desenvolupament  ========\Modules\Game Layer\Scenes\snWin</Filter>
    </ClInclude>
    <ClInclude Include="hudBlood.h">
      <Filter>Desenvolupament  ========\Modules\Engine Layer\Hud\hudElements\hudBlood</Filter>
    </ClInclude>
    <ClInclude Include="hudSkilltree.h">
      <Filter>Desenvolupament  ========\Modules\Engine Layer\Hud\hudElements\hudSkilltree</Filter>
    </ClInclude>
    <ClInclude Include="EntityManager.h">
      <Filter>Desenvolupament  ========\Modules\Engine Layer\EntityManager</Filter>
    </ClInclude>
    <ClInclude Include="Game.h">
      <Filter>Desenvolupament  ========\Modules\Game Layer</Filter>
    </ClInclude>
    <ClInclude Include="Module.h">
      <Filter>Desenvolupament  ========</Filter>
    </ClInclude>
    <ClInclude Include="App.h">
      <Filter>Desenvolupament  ========</Filter>
    </ClInclude>
    <ClInclude Include="Audio.h">
      <Filter>Desenvolupament  ========\Modules\Engine Layer</Filter>
    </ClInclude>
    <ClInclude Include="Collision.h">
      <Filter>Desenvolupament  ========\Modules\Engine Layer</Filter>
    </ClInclude>
    <ClInclude Include="FileSystem.h">
      <Filter>Desenvolupament  ========\Modules\Engine Layer</Filter>
    </ClInclude>
    <ClInclude Include="Fonts.h">
      <Filter>Desenvolupament  ========\Modules\Engine Layer</Filter>
    </ClInclude>
    <ClInclude Include="Input.h">
      <Filter>Desenvolupament  ========\Modules\Engine Layer</Filter>
    </ClInclude>
    <ClInclude Include="Map.h">
      <Filter>Desenvolupament  ========\Modules\Engine Layer</Filter>
    </ClInclude>
    <ClInclude Include="Pathfinding.h">
      <Filter>Desenvolupament  ========\Modules\Engine Layer</Filter>
    </ClInclude>
    <ClInclude Include="Render.h">
      <Filter>Desenvolupament  ========\Modules\Engine Layer</Filter>
    </ClInclude>
    <ClInclude Include="SceneManager.h">
      <Filter>Desenvolupament  ========\Modules\Engine Layer</Filter>
    </ClInclude>
    <ClInclude Include="Textures.h">
      <Filter>Desenvolupament  ========\Modules\Engine Layer</Filter>
    </ClInclude>
    <ClInclude Include="Window.h">
      <Filter>Desenvolupament  ========\Modules\Engine Layer</Filter>
    </ClInclude>
    <ClInclude Include="Scene.h">
      <Filter>Desenvolupament  ========\Modules\Game Layer\Scenes</Filter>
    </ClInclude>
    <ClInclude Include="PerfTimer.h">
      <Filter>Desenvolupament  ========\Tools</Filter>
    </ClInclude>
    <ClInclude Include="Timer.h">
      <Filter>Desenvolupament  ========\Tools</Filter>
    </ClInclude>
    <ClInclude Include="Gui.h">
      <Filter>Desenvolupament  ========\Modules\Engine Layer\Gui</Filter>
    </ClInclude>
    <ClInclude Include="Hud.h">
      <Filter>Desenvolupament  ========\Modules\Engine Layer\Hud</Filter>
    </ClInclude>
    <ClInclude Include="ParticleManager.h">
      <Filter>Desenvolupament  ========\Modules\Engine Layer</Filter>
    </ClInclude>
    <ClInclude Include="Act1.h">
      <Filter>Desenvolupament  ========\Modules\Game Layer\Scenes\Act1</Filter>
    </ClInclude>
    <ClInclude Include="Act2.h">
      <Filter>Desenvolupament  ========\Modules\Game Layer\Scenes\Act2</Filter>
    </ClInclude>
    <ClInclude Include="Attributes.h">
      <Filter>Desenvolupament  ========\Modules\Game Layer</Filter>
    </ClInclude>
    <ClInclude Include="Player.h">
      <Filter>Desenvolupament  ========\Modules\Game Layer\Player</Filter>
    </ClInclude>
    <ClInclude Include="Paladin.h">
      <Filter>Desenvolupament  ========\Modules\Engine Layer\EntityManager\Entities</Filter>
    </ClInclude>
    <ClInclude Include="Npc.h">
      <Filter>Desenvolupament  ========\Modules\Engine Layer\EntityManager\Entities</Filter>
    </ClInclude>
  </ItemGroup>
  <ItemGroup>
    <Filter Include="Programacio 2 ===========">
      <UniqueIdentifier>{a8bfab6a-5472-4969-943e-861a8b493f08}</UniqueIdentifier>
    </Filter>
    <Filter Include="Desenvolupament  ========">
      <UniqueIdentifier>{cb944693-b9d0-484c-bad2-02d5a7cdbec6}</UniqueIdentifier>
    </Filter>
    <Filter Include="Desenvolupament  ========\Tools">
      <UniqueIdentifier>{42c748be-4a37-49de-970f-5be811d06b38}</UniqueIdentifier>
    </Filter>
    <Filter Include="Desenvolupament  ========\Modules">
      <UniqueIdentifier>{244722d1-90ce-423d-8e7a-556211865a32}</UniqueIdentifier>
    </Filter>
    <Filter Include="Desenvolupament  ========\Tools\PuguiXML">
      <UniqueIdentifier>{7cb78d67-17cc-45eb-af97-e2106becce7b}</UniqueIdentifier>
    </Filter>
    <Filter Include="Desenvolupament  ========\Modules\Engine Layer">
      <UniqueIdentifier>{4b72d267-ba55-4565-b11f-02e85e07ee5b}</UniqueIdentifier>
    </Filter>
    <Filter Include="Desenvolupament  ========\Modules\Game Layer">
      <UniqueIdentifier>{b73738c3-6526-42ac-a490-28ce1ec9103b}</UniqueIdentifier>
    </Filter>
    <Filter Include="Desenvolupament  ========\Modules\Game Layer\Scenes">
      <UniqueIdentifier>{e07660eb-d36f-4cc9-af59-324d31c2f2f6}</UniqueIdentifier>
    </Filter>
    <Filter Include="Desenvolupament  ========\Modules\Game Layer\Scenes\snIntro">
      <UniqueIdentifier>{afb39d9a-e8a5-43c4-9ad0-6306f02e49b9}</UniqueIdentifier>
    </Filter>
    <Filter Include="Desenvolupament  ========\Modules\Game Layer\Scenes\snWin">
      <UniqueIdentifier>{d25bc987-7973-438c-a1c7-a4360353fdb8}</UniqueIdentifier>
    </Filter>
    <Filter Include="Desenvolupament  ========\Modules\Engine Layer\EntityManager">
      <UniqueIdentifier>{e207d71e-6e6c-4e68-aac4-1b52eae69768}</UniqueIdentifier>
    </Filter>
    <Filter Include="Desenvolupament  ========\Modules\Engine Layer\EntityManager\Entities">
      <UniqueIdentifier>{69b7d4e8-dc9d-491e-99a5-7ed1492c2ac3}</UniqueIdentifier>
    </Filter>
    <Filter Include="Desenvolupament  ========\Modules\Engine Layer\Gui">
      <UniqueIdentifier>{8230f9dd-22bb-451a-a5ba-40a38be40461}</UniqueIdentifier>
    </Filter>
    <Filter Include="Desenvolupament  ========\Modules\Engine Layer\Gui\GuiElements">
      <UniqueIdentifier>{9e41f391-2267-459a-b2e8-8e209a5a4d3e}</UniqueIdentifier>
    </Filter>
    <Filter Include="Desenvolupament  ========\Modules\Engine Layer\Gui\GuiElements\GuiInventory">
      <UniqueIdentifier>{a9fd7529-693f-480f-80a8-9750459d5b17}</UniqueIdentifier>
    </Filter>
    <Filter Include="Desenvolupament  ========\Modules\Engine Layer\Hud">
      <UniqueIdentifier>{a03a1092-30d4-4fbc-b6b7-d7ed616fb9b9}</UniqueIdentifier>
    </Filter>
    <Filter Include="Desenvolupament  ========\Modules\Engine Layer\Hud\hudElements">
      <UniqueIdentifier>{e54e4de0-ef91-49e5-aa76-d1cd58096b20}</UniqueIdentifier>
    </Filter>
    <Filter Include="Desenvolupament  ========\Modules\Engine Layer\Hud\hudElements\hudBelt">
      <UniqueIdentifier>{1f597317-7711-474b-83b7-f94f019ffb23}</UniqueIdentifier>
    </Filter>
    <Filter Include="Desenvolupament  ========\Modules\Engine Layer\Hud\hudElements\hudPause">
      <UniqueIdentifier>{ddc02d96-4370-43e4-a077-e4566b2a3044}</UniqueIdentifier>
    </Filter>
    <Filter Include="Desenvolupament  ========\Modules\Engine Layer\Hud\hudElements\hudInventory">
      <UniqueIdentifier>{749a4e10-224d-494c-9745-d50d07b818ba}</UniqueIdentifier>
    </Filter>
    <Filter Include="Desenvolupament  ========\Modules\Engine Layer\Hud\hudElements\hudBlood">
      <UniqueIdentifier>{e1b9b919-0b5d-488c-9f38-90be2bcc3001}</UniqueIdentifier>
    </Filter>
    <Filter Include="Desenvolupament  ========\Modules\Engine Layer\Hud\hudElements\hudSkilltree">
      <UniqueIdentifier>{81258b05-5d87-4ba2-a924-29796fd9192e}</UniqueIdentifier>
    </Filter>
    <Filter Include="Desenvolupament  ========\Modules\Game Layer\Player">
      <UniqueIdentifier>{12bfdf1d-7942-4807-a820-b7c1246a3f49}</UniqueIdentifier>
    </Filter>
    <Filter Include="Desenvolupament  ========\Modules\Game Layer\Scenes\Act1">
      <UniqueIdentifier>{16e3b917-2201-45ad-90b0-b06cc87bcac0}</UniqueIdentifier>
    </Filter>
    <Filter Include="Desenvolupament  ========\Modules\Game Layer\Scenes\Act2">
      <UniqueIdentifier>{a7e70fe4-72ad-477c-ac09-5c31be3c17f1}</UniqueIdentifier>
    </Filter>
  </ItemGroup>
</Project>